{
    "_readme": [
        "This file locks the dependencies of your project to a known state",
        "Read more about it at https://getcomposer.org/doc/01-basic-usage.md#installing-dependencies",
        "This file is @generated automatically"
    ],
    "content-hash": "5bbb53fcef162ddd5ed6740b057e08aa",
    "packages": [],
    "packages-dev": [
        {
            "name": "qossmic/deptrac-shim",
            "version": "1.0.2",
            "source": {
                "type": "git",
                "url": "https://github.com/qossmic/deptrac-shim.git",
                "reference": "3179a2c4978654add865309e3c280ef3d60f0043"
            },
            "dist": {
                "type": "zip",
                "url": "https://api.github.com/repos/qossmic/deptrac-shim/zipball/3179a2c4978654add865309e3c280ef3d60f0043",
                "reference": "3179a2c4978654add865309e3c280ef3d60f0043",
                "shasum": ""
            },
            "require": {
                "ext-json": "*",
                "ext-tokenizer": "*",
                "ext-zlib": "*",
                "php": "^8.1"
            },
            "replace": {
                "qossmic/deptrac": "self.version"
            },
            "suggest": {
                "ext-dom": "For using the JUnit output formatter"
            },
            "bin": [
                "deptrac"
            ],
            "type": "library",
            "notification-url": "https://packagist.org/downloads/",
            "license": [
                "MIT"
            ],
            "authors": [
                {
                    "name": "Tim Glabisch"
                },
                {
                    "name": "Simon Mönch",
                    "email": "simon.moench@qossmic.com"
                },
                {
                    "name": "Denis Brumann",
                    "email": "denis.brumann@qossmic.com",
                    "role": "maintainer"
                }
            ],
            "description": "deptrac phar distribution",
            "support": {
                "issues": "https://github.com/qossmic/deptrac-shim/issues",
                "source": "https://github.com/qossmic/deptrac-shim/tree/1.0.2"
            },
            "time": "2022-12-02T11:47:53+00:00"
        }
    ],
    "aliases": [],
    "minimum-stability": "stable",
    "stability-flags": [],
    "prefer-stable": false,
    "prefer-lowest": false,
    "platform": [],
    "platform-dev": [],
    "plugin-api-version": "2.6.0"
}
